
Microsoft Visual Studio Solution File, Format Version 12.00
# Visual Studio Version 17
VisualStudioVersion = 17.8.34309.116
MinimumVisualStudioVersion = 10.0.40219.1
Project("{FAE04EC0-301F-11D3-BF4B-00C04F79EFBC}") = "SpellForce_Speed_Mod_WinForms", "SpellForce_Speed_Mod_WinForms\SpellForce_Speed_Mod_WinForms.csproj", "{527F1369-1711-4F4E-99B2-F9B19E400F6A}"
EndProject
Global
	GlobalSection(SolutionConfigurationPlatforms) = preSolution
		Debug|Any CPU = Debug|Any CPU
		Release|Any CPU = Release|Any CPU
	EndGlobalSection
	GlobalSection(ProjectConfigurationPlatforms) = postSolution
		{527F1369-1711-4F4E-99B2-F9B19E400F6A}.Debug|Any CPU.ActiveCfg = Debug|Any CPU
		{527F1369-1711-4F4E-99B2-F9B19E400F6A}.Debug|Any CPU.Build.0 = Debug|Any CPU
		{527F1369-1711-4F4E-99B2-F9B19E400F6A}.Release|Any CPU.ActiveCfg = Release|Any CPU
		{527F1369-1711-4F4E-99B2-F9B19E400F6A}.Release|Any CPU.Build.0 = Release|Any CPU
	EndGlobalSection
	GlobalSection(SolutionProperties) = preSolution
		HideSolutionNode = FALSE
	EndGlobalSection
	GlobalSection(ExtensibilityGlobals) = postSolution
		SolutionGuid = {864CD6FA-6B26-4C8C-BAAF-000689C0E66C}
	EndGlobalSection
EndGlobal
